
Microsoft Visual Studio Solution File, Format Version 12.00
# Visual Studio Version 17
VisualStudioVersion = 17.4.33213.308
MinimumVisualStudioVersion = 10.0.40219.1
Project("{2150E333-8FDC-42A3-9474-1A3956D46DE8}") = "test", "test", "{D980A974-8FE2-479D-B67E-E544F3904994}"
EndProject
Project("{9A19103F-16F7-4668-BE54-9A1E7A4F7556}") = "Rql.Tests.Unit", "test\Rql.Tests.Unit\Rql.Tests.Unit.csproj", "{CD034A87-D2FE-4DD2-8CC1-35F55FB22D2A}"
EndProject
Project("{2150E333-8FDC-42A3-9474-1A3956D46DE8}") = "src", "src", "{D9D73D98-4311-4704-9A5E-35595B363B7F}"
EndProject
Project("{9A19103F-16F7-4668-BE54-9A1E7A4F7556}") = "SoftwareOne.Rql.Abstractions", "src\SoftwareOne.Rql.Abstractions\SoftwareOne.Rql.Abstractions.csproj", "{CA8E83C5-07D6-427F-8DCC-3900645BFC20}"
EndProject
Project("{9A19103F-16F7-4668-BE54-9A1E7A4F7556}") = "SoftwareOne.Rql.Linq", "src\SoftwareOne.Rql.Linq\SoftwareOne.Rql.Linq.csproj", "{D16DBA99-341B-4871-9E5D-9D9692E267FE}"
EndProject
Project("{9A19103F-16F7-4668-BE54-9A1E7A4F7556}") = "SoftwareOne.Rql.Parsers.Linear", "src\SoftwareOne.Rql.Parsers.Linear\SoftwareOne.Rql.Parsers.Linear.csproj", "{C7A59410-10AA-4751-BD60-2FCF003BF430}"
EndProject
Project("{2150E333-8FDC-42A3-9474-1A3956D46DE8}") = "solution", "solution", "{F624E774-7C26-40D1-BCBA-1574F88B28D5}"
	ProjectSection(SolutionItems) = preProject
		.gitignore = .gitignore
		Directory.Build.props = Directory.Build.props
		Directory.Build.targets = Directory.Build.targets
		README.md = README.md
	EndProjectSection
EndProject
Global
	GlobalSection(SolutionConfigurationPlatforms) = preSolution
		Debug|Any CPU = Debug|Any CPU
		Release|Any CPU = Release|Any CPU
	EndGlobalSection
	GlobalSection(ProjectConfigurationPlatforms) = postSolution
		{CD034A87-D2FE-4DD2-8CC1-35F55FB22D2A}.Debug|Any CPU.ActiveCfg = Debug|Any CPU
		{CD034A87-D2FE-4DD2-8CC1-35F55FB22D2A}.Debug|Any CPU.Build.0 = Debug|Any CPU
		{CD034A87-D2FE-4DD2-8CC1-35F55FB22D2A}.Release|Any CPU.ActiveCfg = Release|Any CPU
		{CD034A87-D2FE-4DD2-8CC1-35F55FB22D2A}.Release|Any CPU.Build.0 = Release|Any CPU
		{CA8E83C5-07D6-427F-8DCC-3900645BFC20}.Debug|Any CPU.ActiveCfg = Debug|Any CPU
		{CA8E83C5-07D6-427F-8DCC-3900645BFC20}.Debug|Any CPU.Build.0 = Debug|Any CPU
		{CA8E83C5-07D6-427F-8DCC-3900645BFC20}.Release|Any CPU.ActiveCfg = Release|Any CPU
		{CA8E83C5-07D6-427F-8DCC-3900645BFC20}.Release|Any CPU.Build.0 = Release|Any CPU
		{D16DBA99-341B-4871-9E5D-9D9692E267FE}.Debug|Any CPU.ActiveCfg = Debug|Any CPU
		{D16DBA99-341B-4871-9E5D-9D9692E267FE}.Debug|Any CPU.Build.0 = Debug|Any CPU
		{D16DBA99-341B-4871-9E5D-9D9692E267FE}.Release|Any CPU.ActiveCfg = Release|Any CPU
		{D16DBA99-341B-4871-9E5D-9D9692E267FE}.Release|Any CPU.Build.0 = Release|Any CPU
		{C7A59410-10AA-4751-BD60-2FCF003BF430}.Debug|Any CPU.ActiveCfg = Debug|Any CPU
		{C7A59410-10AA-4751-BD60-2FCF003BF430}.Debug|Any CPU.Build.0 = Debug|Any CPU
		{C7A59410-10AA-4751-BD60-2FCF003BF430}.Release|Any CPU.ActiveCfg = Release|Any CPU
		{C7A59410-10AA-4751-BD60-2FCF003BF430}.Release|Any CPU.Build.0 = Release|Any CPU
	EndGlobalSection
	GlobalSection(SolutionProperties) = preSolution
		HideSolutionNode = FALSE
	EndGlobalSection
	GlobalSection(NestedProjects) = preSolution
		{CD034A87-D2FE-4DD2-8CC1-35F55FB22D2A} = {D980A974-8FE2-479D-B67E-E544F3904994}
		{CA8E83C5-07D6-427F-8DCC-3900645BFC20} = {D9D73D98-4311-4704-9A5E-35595B363B7F}
		{D16DBA99-341B-4871-9E5D-9D9692E267FE} = {D9D73D98-4311-4704-9A5E-35595B363B7F}
		{C7A59410-10AA-4751-BD60-2FCF003BF430} = {D9D73D98-4311-4704-9A5E-35595B363B7F}
	EndGlobalSection
	GlobalSection(ExtensibilityGlobals) = postSolution
		SolutionGuid = {A3AD745F-6707-49CB-8A5B-301F8D55333A}
	EndGlobalSection
EndGlobal
